// !$*UTF8*$!
{
	archiveVersion = 1;
	classes = {
	};
	objectVersion = 46;
	objects = {

/* Begin PBXBuildFile section */
		932105EA16CE1B0C0097BCBB /* UIKit.framework in Frameworks */ = {isa = PBXBuildFile; fileRef = 932105E916CE1B0C0097BCBB /* UIKit.framework */; };
		932105EC16CE1B0C0097BCBB /* Foundation.framework in Frameworks */ = {isa = PBXBuildFile; fileRef = 932105EB16CE1B0C0097BCBB /* Foundation.framework */; };
		932105EE16CE1B0C0097BCBB /* CoreGraphics.framework in Frameworks */ = {isa = PBXBuildFile; fileRef = 932105ED16CE1B0C0097BCBB /* CoreGraphics.framework */; };
		932105F416CE1B0C0097BCBB /* InfoPlist.strings in Resources */ = {isa = PBXBuildFile; fileRef = 932105F216CE1B0C0097BCBB /* InfoPlist.strings */; };
		932105F616CE1B0C0097BCBB /* main.m in Sources */ = {isa = PBXBuildFile; fileRef = 932105F516CE1B0C0097BCBB /* main.m */; };
		932105FA16CE1B0C0097BCBB /* AppDelegate.m in Sources */ = {isa = PBXBuildFile; fileRef = 932105F916CE1B0C0097BCBB /* AppDelegate.m */; };
		932105FC16CE1B0C0097BCBB /* Default.png in Resources */ = {isa = PBXBuildFile; fileRef = 932105FB16CE1B0C0097BCBB /* Default.png */; };
		932105FE16CE1B0C0097BCBB /* Default@2x.png in Resources */ = {isa = PBXBuildFile; fileRef = 932105FD16CE1B0C0097BCBB /* Default@2x.png */; };
		9321060016CE1B0C0097BCBB /* Default-568h@2x.png in Resources */ = {isa = PBXBuildFile; fileRef = 932105FF16CE1B0C0097BCBB /* Default-568h@2x.png */; };
		9321060316CE1B0C0097BCBB /* MainStoryboard.storyboard in Resources */ = {isa = PBXBuildFile; fileRef = 9321060116CE1B0C0097BCBB /* MainStoryboard.storyboard */; };
		9321060616CE1B0C0097BCBB /* ViewController.m in Sources */ = {isa = PBXBuildFile; fileRef = 9321060516CE1B0C0097BCBB /* ViewController.m */; };
		9321060E16CE1B0C0097BCBB /* SenTestingKit.framework in Frameworks */ = {isa = PBXBuildFile; fileRef = 9321060D16CE1B0C0097BCBB /* SenTestingKit.framework */; };
		9321060F16CE1B0C0097BCBB /* UIKit.framework in Frameworks */ = {isa = PBXBuildFile; fileRef = 932105E916CE1B0C0097BCBB /* UIKit.framework */; };
		9321061016CE1B0C0097BCBB /* Foundation.framework in Frameworks */ = {isa = PBXBuildFile; fileRef = 932105EB16CE1B0C0097BCBB /* Foundation.framework */; };
		9321061816CE1B0C0097BCBB /* InfoPlist.strings in Resources */ = {isa = PBXBuildFile; fileRef = 9321061616CE1B0C0097BCBB /* InfoPlist.strings */; };
		9321061B16CE1B0C0097BCBB /* CalendarCbvaTests.m in Sources */ = {isa = PBXBuildFile; fileRef = 9321061A16CE1B0C0097BCBB /* CalendarCbvaTests.m */; };
		9321062616CE1B2B0097BCBB /* Events.plist in Resources */ = {isa = PBXBuildFile; fileRef = 9321062416CE1B2B0097BCBB /* Events.plist */; };
		9321062716CE1B2B0097BCBB /* EventsCalendar.plist in Resources */ = {isa = PBXBuildFile; fileRef = 9321062516CE1B2B0097BCBB /* EventsCalendar.plist */; };
/* End PBXBuildFile section */

/* Begin PBXContainerItemProxy section */
		9321061116CE1B0C0097BCBB /* PBXContainerItemProxy */ = {
			isa = PBXContainerItemProxy;
			containerPortal = 932105DE16CE1B0C0097BCBB /* Project object */;
			proxyType = 1;
			remoteGlobalIDString = 932105E516CE1B0C0097BCBB;
			remoteInfo = CalendarCbva;
		};
/* End PBXContainerItemProxy section */

/* Begin PBXFileReference section */
		932105E616CE1B0C0097BCBB /* CalendarCbva.app */ = {isa = PBXFileReference; explicitFileType = wrapper.application; includeInIndex = 0; path = CalendarCbva.app; sourceTree = BUILT_PRODUCTS_DIR; };
		932105E916CE1B0C0097BCBB /* UIKit.framework */ = {isa = PBXFileReference; lastKnownFileType = wrapper.framework; name = UIKit.framework; path = System/Library/Frameworks/UIKit.framework; sourceTree = SDKROOT; };
		932105EB16CE1B0C0097BCBB /* Foundation.framework */ = {isa = PBXFileReference; lastKnownFileType = wrapper.framework; name = Foundation.framework; path = System/Library/Frameworks/Foundation.framework; sourceTree = SDKROOT; };
		932105ED16CE1B0C0097BCBB /* CoreGraphics.framework */ = {isa = PBXFileReference; lastKnownFileType = wrapper.framework; name = CoreGraphics.framework; path = System/Library/Frameworks/CoreGraphics.framework; sourceTree = SDKROOT; };
		932105F116CE1B0C0097BCBB /* CalendarCbva-Info.plist */ = {isa = PBXFileReference; lastKnownFileType = text.plist.xml; path = "CalendarCbva-Info.plist"; sourceTree = "<group>"; };
		932105F316CE1B0C0097BCBB /* en */ = {isa = PBXFileReference; lastKnownFileType = text.plist.strings; name = en; path = en.lproj/InfoPlist.strings; sourceTree = "<group>"; };
		932105F516CE1B0C0097BCBB /* main.m */ = {isa = PBXFileReference; lastKnownFileType = sourcecode.c.objc; path = main.m; sourceTree = "<group>"; };
		932105F716CE1B0C0097BCBB /* CalendarCbva-Prefix.pch */ = {isa = PBXFileReference; lastKnownFileType = sourcecode.c.h; path = "CalendarCbva-Prefix.pch"; sourceTree = "<group>"; };
		932105F816CE1B0C0097BCBB /* AppDelegate.h */ = {isa = PBXFileReference; lastKnownFileType = sourcecode.c.h; path = AppDelegate.h; sourceTree = "<group>"; };
		932105F916CE1B0C0097BCBB /* AppDelegate.m */ = {isa = PBXFileReference; lastKnownFileType = sourcecode.c.objc; path = AppDelegate.m; sourceTree = "<group>"; };
		932105FB16CE1B0C0097BCBB /* Default.png */ = {isa = PBXFileReference; lastKnownFileType = image.png; path = Default.png; sourceTree = "<group>"; };
		932105FD16CE1B0C0097BCBB /* Default@2x.png */ = {isa = PBXFileReference; lastKnownFileType = image.png; path = "Default@2x.png"; sourceTree = "<group>"; };
		932105FF16CE1B0C0097BCBB /* Default-568h@2x.png */ = {isa = PBXFileReference; lastKnownFileType = image.png; path = "Default-568h@2x.png"; sourceTree = "<group>"; };
		9321060216CE1B0C0097BCBB /* en */ = {isa = PBXFileReference; lastKnownFileType = file.storyboard; name = en; path = en.lproj/MainStoryboard.storyboard; sourceTree = "<group>"; };
		9321060416CE1B0C0097BCBB /* ViewController.h */ = {isa = PBXFileReference; lastKnownFileType = sourcecode.c.h; path = ViewController.h; sourceTree = "<group>"; };
		9321060516CE1B0C0097BCBB /* ViewController.m */ = {isa = PBXFileReference; lastKnownFileType = sourcecode.c.objc; path = ViewController.m; sourceTree = "<group>"; };
		9321060C16CE1B0C0097BCBB /* CalendarCbvaTests.octest */ = {isa = PBXFileReference; explicitFileType = wrapper.cfbundle; includeInIndex = 0; path = CalendarCbvaTests.octest; sourceTree = BUILT_PRODUCTS_DIR; };
		9321060D16CE1B0C0097BCBB /* SenTestingKit.framework */ = {isa = PBXFileReference; lastKnownFileType = wrapper.framework; name = SenTestingKit.framework; path = Library/Frameworks/SenTestingKit.framework; sourceTree = DEVELOPER_DIR; };
		9321061516CE1B0C0097BCBB /* CalendarCbvaTests-Info.plist */ = {isa = PBXFileReference; lastKnownFileType = text.plist.xml; path = "CalendarCbvaTests-Info.plist"; sourceTree = "<group>"; };
		9321061716CE1B0C0097BCBB /* en */ = {isa = PBXFileReference; lastKnownFileType = text.plist.strings; name = en; path = en.lproj/InfoPlist.strings; sourceTree = "<group>"; };
		9321061916CE1B0C0097BCBB /* CalendarCbvaTests.h */ = {isa = PBXFileReference; lastKnownFileType = sourcecode.c.h; path = CalendarCbvaTests.h; sourceTree = "<group>"; };
		9321061A16CE1B0C0097BCBB /* CalendarCbvaTests.m */ = {isa = PBXFileReference; lastKnownFileType = sourcecode.c.objc; path = CalendarCbvaTests.m; sourceTree = "<group>"; };
		9321062416CE1B2B0097BCBB /* Events.plist */ = {isa = PBXFileReference; fileEncoding = 4; lastKnownFileType = text.plist.xml; path = Events.plist; sourceTree = "<group>"; };
		9321062516CE1B2B0097BCBB /* EventsCalendar.plist */ = {isa = PBXFileReference; fileEncoding = 4; lastKnownFileType = text.plist.xml; path = EventsCalendar.plist; sourceTree = "<group>"; };
/* End PBXFileReference section */

/* Begin PBXFrameworksBuildPhase section */
		932105E316CE1B0C0097BCBB /* Frameworks */ = {
			isa = PBXFrameworksBuildPhase;
			buildActionMask = 2147483647;
			files = (
				932105EA16CE1B0C0097BCBB /* UIKit.framework in Frameworks */,
				932105EC16CE1B0C0097BCBB /* Foundation.framework in Frameworks */,
				932105EE16CE1B0C0097BCBB /* CoreGraphics.framework in Frameworks */,
			);
			runOnlyForDeploymentPostprocessing = 0;
		};
		9321060816CE1B0C0097BCBB /* Frameworks */ = {
			isa = PBXFrameworksBuildPhase;
			buildActionMask = 2147483647;
			files = (
				9321060E16CE1B0C0097BCBB /* SenTestingKit.framework in Frameworks */,
				9321060F16CE1B0C0097BCBB /* UIKit.framework in Frameworks */,
				9321061016CE1B0C0097BCBB /* Foundation.framework in Frameworks */,
			);
			runOnlyForDeploymentPostprocessing = 0;
		};
/* End PBXFrameworksBuildPhase section */

/* Begin PBXGroup section */
		932105DD16CE1B0C0097BCBB = {
			isa = PBXGroup;
			children = (
				932105EF16CE1B0C0097BCBB /* CalendarCbva */,
				9321061316CE1B0C0097BCBB /* CalendarCbvaTests */,
				932105E816CE1B0C0097BCBB /* Frameworks */,
				932105E716CE1B0C0097BCBB /* Products */,
			);
			sourceTree = "<group>";
		};
		932105E716CE1B0C0097BCBB /* Products */ = {
			isa = PBXGroup;
			children = (
				932105E616CE1B0C0097BCBB /* CalendarCbva.app */,
				9321060C16CE1B0C0097BCBB /* CalendarCbvaTests.octest */,
			);
			name = Products;
			sourceTree = "<group>";
		};
		932105E816CE1B0C0097BCBB /* Frameworks */ = {
			isa = PBXGroup;
			children = (
				932105E916CE1B0C0097BCBB /* UIKit.framework */,
				932105EB16CE1B0C0097BCBB /* Foundation.framework */,
				932105ED16CE1B0C0097BCBB /* CoreGraphics.framework */,
				9321060D16CE1B0C0097BCBB /* SenTestingKit.framework */,
			);
			name = Frameworks;
			sourceTree = "<group>";
		};
		932105EF16CE1B0C0097BCBB /* CalendarCbva */ = {
			isa = PBXGroup;
			children = (
				932105F816CE1B0C0097BCBB /* AppDelegate.h */,
				932105F916CE1B0C0097BCBB /* AppDelegate.m */,
				9321060116CE1B0C0097BCBB /* MainStoryboard.storyboard */,
				9321060416CE1B0C0097BCBB /* ViewController.h */,
				9321060516CE1B0C0097BCBB /* ViewController.m */,
				932105F016CE1B0C0097BCBB /* Supporting Files */,
			);
			path = CalendarCbva;
			sourceTree = "<group>";
		};
		932105F016CE1B0C0097BCBB /* Supporting Files */ = {
			isa = PBXGroup;
			children = (
				9321062416CE1B2B0097BCBB /* Events.plist */,
				9321062516CE1B2B0097BCBB /* EventsCalendar.plist */,
				932105F116CE1B0C0097BCBB /* CalendarCbva-Info.plist */,
				932105F216CE1B0C0097BCBB /* InfoPlist.strings */,
				932105F516CE1B0C0097BCBB /* main.m */,
				932105F716CE1B0C0097BCBB /* CalendarCbva-Prefix.pch */,
				932105FB16CE1B0C0097BCBB /* Default.png */,
				932105FD16CE1B0C0097BCBB /* Default@2x.png */,
				932105FF16CE1B0C0097BCBB /* Default-568h@2x.png */,
			);
			name = "Supporting Files";
			sourceTree = "<group>";
		};
		9321061316CE1B0C0097BCBB /* CalendarCbvaTests */ = {
			isa = PBXGroup;
			children = (
				9321061916CE1B0C0097BCBB /* CalendarCbvaTests.h */,
				9321061A16CE1B0C0097BCBB /* CalendarCbvaTests.m */,
				9321061416CE1B0C0097BCBB /* Supporting Files */,
			);
			path = CalendarCbvaTests;
			sourceTree = "<group>";
		};
		9321061416CE1B0C0097BCBB /* Supporting Files */ = {
			isa = PBXGroup;
			children = (
				9321061516CE1B0C0097BCBB /* CalendarCbvaTests-Info.plist */,
				9321061616CE1B0C0097BCBB /* InfoPlist.strings */,
			);
			name = "Supporting Files";
			sourceTree = "<group>";
		};
/* End PBXGroup section */

/* Begin PBXNativeTarget section */
		932105E516CE1B0C0097BCBB /* CalendarCbva */ = {
			isa = PBXNativeTarget;
			buildConfigurationList = 9321061E16CE1B0C0097BCBB /* Build configuration list for PBXNativeTarget "CalendarCbva" */;
			buildPhases = (
				932105E216CE1B0C0097BCBB /* Sources */,
				932105E316CE1B0C0097BCBB /* Frameworks */,
				932105E416CE1B0C0097BCBB /* Resources */,
			);
			buildRules = (
			);
			dependencies = (
			);
			name = CalendarCbva;
			productName = CalendarCbva;
			productReference = 932105E616CE1B0C0097BCBB /* CalendarCbva.app */;
			productType = "com.apple.product-type.application";
		};
		9321060B16CE1B0C0097BCBB /* CalendarCbvaTests */ = {
			isa = PBXNativeTarget;
			buildConfigurationList = 9321062116CE1B0C0097BCBB /* Build configuration list for PBXNativeTarget "CalendarCbvaTests" */;
			buildPhases = (
				9321060716CE1B0C0097BCBB /* Sources */,
				9321060816CE1B0C0097BCBB /* Frameworks */,
				9321060916CE1B0C0097BCBB /* Resources */,
				9321060A16CE1B0C0097BCBB /* ShellScript */,
			);
			buildRules = (
			);
			dependencies = (
				9321061216CE1B0C0097BCBB /* PBXTargetDependency */,
			);
			name = CalendarCbvaTests;
			productName = CalendarCbvaTests;
			productReference = 9321060C16CE1B0C0097BCBB /* CalendarCbvaTests.octest */;
			productType = "com.apple.product-type.bundle";
		};
/* End PBXNativeTarget section */

/* Begin PBXProject section */
		932105DE16CE1B0C0097BCBB /* Project object */ = {
			isa = PBXProject;
			attributes = {
				LastUpgradeCheck = 0460;
				ORGANIZATIONNAME = "Olga Pilipenco";
			};
			buildConfigurationList = 932105E116CE1B0C0097BCBB /* Build configuration list for PBXProject "CalendarCbva" */;
			compatibilityVersion = "Xcode 3.2";
			developmentRegion = English;
			hasScannedForEncodings = 0;
			knownRegions = (
				en,
			);
			mainGroup = 932105DD16CE1B0C0097BCBB;
			productRefGroup = 932105E716CE1B0C0097BCBB /* Products */;
			projectDirPath = "";
			projectRoot = "";
			targets = (
				932105E516CE1B0C0097BCBB /* CalendarCbva */,
				9321060B16CE1B0C0097BCBB /* CalendarCbvaTests */,
			);
		};
/* End PBXProject section */

/* Begin PBXResourcesBuildPhase section */
		932105E416CE1B0C0097BCBB /* Resources */ = {
			isa = PBXResourcesBuildPhase;
			buildActionMask = 2147483647;
			files = (
				932105F416CE1B0C0097BCBB /* InfoPlist.strings in Resources */,
				932105FC16CE1B0C0097BCBB /* Default.png in Resources */,
				932105FE16CE1B0C0097BCBB /* Default@2x.png in Resources */,
				9321060016CE1B0C0097BCBB /* Default-568h@2x.png in Resources */,
				9321060316CE1B0C0097BCBB /* MainStoryboard.storyboard in Resources */,
				9321062616CE1B2B0097BCBB /* Events.plist in Resources */,
				9321062716CE1B2B0097BCBB /* EventsCalendar.plist in Resources */,
			);
			runOnlyForDeploymentPostprocessing = 0;
		};
		9321060916CE1B0C0097BCBB /* Resources */ = {
			isa = PBXResourcesBuildPhase;
			buildActionMask = 2147483647;
			files = (
				9321061816CE1B0C0097BCBB /* InfoPlist.strings in Resources */,
			);
			runOnlyForDeploymentPostprocessing = 0;
		};
/* End PBXResourcesBuildPhase section */

/* Begin PBXShellScriptBuildPhase section */
		9321060A16CE1B0C0097BCBB /* ShellScript */ = {
			isa = PBXShellScriptBuildPhase;
			buildActionMask = 2147483647;
			files = (
			);
			inputPaths = (
			);
			outputPaths = (
			);
			runOnlyForDeploymentPostprocessing = 0;
			shellPath = /bin/sh;
			shellScript = "# Run the unit tests in this test bundle.\n\"${SYSTEM_DEVELOPER_DIR}/Tools/RunUnitTests\"\n";
		};
/* End PBXShellScriptBuildPhase section */

/* Begin PBXSourcesBuildPhase section */
		932105E216CE1B0C0097BCBB /* Sources */ = {
			isa = PBXSourcesBuildPhase;
			buildActionMask = 2147483647;
			files = (
				932105F616CE1B0C0097BCBB /* main.m in Sources */,
				932105FA16CE1B0C0097BCBB /* AppDelegate.m in Sources */,
				9321060616CE1B0C0097BCBB /* ViewController.m in Sources */,
			);
			runOnlyForDeploymentPostprocessing = 0;
		};
		9321060716CE1B0C0097BCBB /* Sources */ = {
			isa = PBXSourcesBuildPhase;
			buildActionMask = 2147483647;
			files = (
				9321061B16CE1B0C0097BCBB /* CalendarCbvaTests.m in Sources */,
			);
			runOnlyForDeploymentPostprocessing = 0;
		};
/* End PBXSourcesBuildPhase section */

/* Begin PBXTargetDependency section */
		9321061216CE1B0C0097BCBB /* PBXTargetDependency */ = {
			isa = PBXTargetDependency;
			target = 932105E516CE1B0C0097BCBB /* CalendarCbva */;
			targetProxy = 9321061116CE1B0C0097BCBB /* PBXContainerItemProxy */;
		};
/* End PBXTargetDependency section */

/* Begin PBXVariantGroup section */
		932105F216CE1B0C0097BCBB /* InfoPlist.strings */ = {
			isa = PBXVariantGroup;
			children = (
				932105F316CE1B0C0097BCBB /* en */,
			);
			name = InfoPlist.strings;
			sourceTree = "<group>";
		};
		9321060116CE1B0C0097BCBB /* MainStoryboard.storyboard */ = {
			isa = PBXVariantGroup;
			children = (
				9321060216CE1B0C0097BCBB /* en */,
			);
			name = MainStoryboard.storyboard;
			sourceTree = "<group>";
		};
		9321061616CE1B0C0097BCBB /* InfoPlist.strings */ = {
			isa = PBXVariantGroup;
			children = (
				9321061716CE1B0C0097BCBB /* en */,
			);
			name = InfoPlist.strings;
			sourceTree = "<group>";
		};
/* End PBXVariantGroup section */

/* Begin XCBuildConfiguration section */
		9321061C16CE1B0C0097BCBB /* Debug */ = {
			isa = XCBuildConfiguration;
			buildSettings = {
				ALWAYS_SEARCH_USER_PATHS = NO;
				CLANG_CXX_LANGUAGE_STANDARD = "gnu++0x";
				CLANG_CXX_LIBRARY = "libc++";
				CLANG_ENABLE_OBJC_ARC = YES;
				CLANG_WARN_CONSTANT_CONVERSION = YES;
				CLANG_WARN_EMPTY_BODY = YES;
				CLANG_WARN_ENUM_CONVERSION = YES;
				CLANG_WARN_INT_CONVERSION = YES;
				CLANG_WARN__DUPLICATE_METHOD_MATCH = YES;
				"CODE_SIGN_IDENTITY[sdk=iphoneos*]" = "iPhone Developer";
				COPY_PHASE_STRIP = NO;
				GCC_C_LANGUAGE_STANDARD = gnu99;
				GCC_DYNAMIC_NO_PIC = NO;
				GCC_OPTIMIZATION_LEVEL = 0;
				GCC_PREPROCESSOR_DEFINITIONS = (
					"DEBUG=1",
					"$(inherited)",
				);
				GCC_SYMBOLS_PRIVATE_EXTERN = NO;
				GCC_WARN_ABOUT_RETURN_TYPE = YES;
				GCC_WARN_UNINITIALIZED_AUTOS = YES;
				GCC_WARN_UNUSED_VARIABLE = YES;
				IPHONEOS_DEPLOYMENT_TARGET = 6.1;
				ONLY_ACTIVE_ARCH = YES;
				SDKROOT = iphoneos;
			};
			name = Debug;
		};
		9321061D16CE1B0C0097BCBB /* Release */ = {
			isa = XCBuildConfiguration;
			buildSettings = {
				ALWAYS_SEARCH_USER_PATHS = NO;
				CLANG_CXX_LANGUAGE_STANDARD = "gnu++0x";
				CLANG_CXX_LIBRARY = "libc++";
				CLANG_ENABLE_OBJC_ARC = YES;
				CLANG_WARN_CONSTANT_CONVERSION = YES;
				CLANG_WARN_EMPTY_BODY = YES;
				CLANG_WARN_ENUM_CONVERSION = YES;
				CLANG_WARN_INT_CONVERSION = YES;
				CLANG_WARN__DUPLICATE_METHOD_MATCH = YES;
				"CODE_SIGN_IDENTITY[sdk=iphoneos*]" = "iPhone Developer";
				COPY_PHASE_STRIP = YES;
				GCC_C_LANGUAGE_STANDARD = gnu99;
				GCC_WARN_ABOUT_RETURN_TYPE = YES;
				GCC_WARN_UNINITIALIZED_AUTOS = YES;
				GCC_WARN_UNUSED_VARIABLE = YES;
				IPHONEOS_DEPLOYMENT_TARGET = 6.1;
				OTHER_CFLAGS = "-DNS_BLOCK_ASSERTIONS=1";
				SDKROOT = iphoneos;
				VALIDATE_PRODUCT = YES;
			};
			name = Release;
		};
		9321061F16CE1B0C0097BCBB /* Debug */ = {
			isa = XCBuildConfiguration;
			buildSettings = {
				GCC_PRECOMPILE_PREFIX_HEADER = YES;
				GCC_PREFIX_HEADER = "CalendarCbva/CalendarCbva-Prefix.pch";
				INFOPLIST_FILE = "CalendarCbva/CalendarCbva-Info.plist";
				PRODUCT_NAME = "$(TARGET_NAME)";
				WRAPPER_EXTENSION = app;
			};
			name = Debug;
		};
		9321062016CE1B0C0097BCBB /* Release */ = {
			isa = XCBuildConfiguration;
			buildSettings = {
				GCC_PRECOMPILE_PREFIX_HEADER = YES;
				GCC_PREFIX_HEADER = "CalendarCbva/CalendarCbva-Prefix.pch";
				INFOPLIST_FILE = "CalendarCbva/CalendarCbva-Info.plist";
				PRODUCT_NAME = "$(TARGET_NAME)";
				WRAPPER_EXTENSION = app;
			};
			name = Release;
		};
		9321062216CE1B0C0097BCBB /* Debug */ = {
			isa = XCBuildConfiguration;
			buildSettings = {
				BUNDLE_LOADER = "$(BUILT_PRODUCTS_DIR)/CalendarCbva.app/CalendarCbva";
				FRAMEWORK_SEARCH_PATHS = (
					"\"$(SDKROOT)/Developer/Library/Frameworks\"",
					"\"$(DEVELOPER_LIBRARY_DIR)/Frameworks\"",
				);
				GCC_PRECOMPILE_PREFIX_HEADER = YES;
				GCC_PREFIX_HEADER = "CalendarCbva/CalendarCbva-Prefix.pch";
				INFOPLIST_FILE = "CalendarCbvaTests/CalendarCbvaTests-Info.plist";
				PRODUCT_NAME = "$(TARGET_NAME)";
				TEST_HOST = "$(BUNDLE_LOADER)";
				WRAPPER_EXTENSION = octest;
			};
			name = Debug;
		};
		9321062316CE1B0C0097BCBB /* Release */ = {
			isa = XCBuildConfiguration;
			buildSettings = {
				BUNDLE_LOADER = "$(BUILT_PRODUCTS_DIR)/CalendarCbva.app/CalendarCbva";
				FRAMEWORK_SEARCH_PATHS = (
					"\"$(SDKROOT)/Developer/Library/Frameworks\"",
					"\"$(DEVELOPER_LIBRARY_DIR)/Frameworks\"",
				);
				GCC_PRECOMPILE_PREFIX_HEADER = YES;
				GCC_PREFIX_HEADER = "CalendarCbva/CalendarCbva-Prefix.pch";
				INFOPLIST_FILE = "CalendarCbvaTests/CalendarCbvaTests-Info.plist";
				PRODUCT_NAME = "$(TARGET_NAME)";
				TEST_HOST = "$(BUNDLE_LOADER)";
				WRAPPER_EXTENSION = octest;
			};
			name = Release;
		};
/* End XCBuildConfiguration section */

/* Begin XCConfigurationList section */
		932105E116CE1B0C0097BCBB /* Build configuration list for PBXProject "CalendarCbva" */ = {
			isa = XCConfigurationList;
			buildConfigurations = (
				9321061C16CE1B0C0097BCBB /* Debug */,
				9321061D16CE1B0C0097BCBB /* Release */,
			);
			defaultConfigurationIsVisible = 0;
			defaultConfigurationName = Release;
		};
		9321061E16CE1B0C0097BCBB /* Build configuration list for PBXNativeTarget "CalendarCbva" */ = {
			isa = XCConfigurationList;
			buildConfigurations = (
				9321061F16CE1B0C0097BCBB /* Debug */,
				9321062016CE1B0C0097BCBB /* Release */,
			);
			defaultConfigurationIsVisible = 0;
		};
		9321062116CE1B0C0097BCBB /* Build configuration list for PBXNativeTarget "CalendarCbvaTests" */ = {
			isa = XCConfigurationList;
			buildConfigurations = (
				9321062216CE1B0C0097BCBB /* Debug */,
				9321062316CE1B0C0097BCBB /* Release */,
			);
			defaultConfigurationIsVisible = 0;
		};
/* End XCConfigurationList section */
	};
	rootObject = 932105DE16CE1B0C0097BCBB /* Project object */;
}
